Microsoft Visual Studio Solution File, Format Version 11.00
# Visual Studio 2008

Project("{2312700D-D28F-C85B-A122-9DCA43378FE9}") = "LAJ_2017", "Assembly-CSharp.csproj", "{AA6DF140-C2C3-D757-8F0D-AB41264D9047}"
EndProject
Global
	GlobalSection(SolutionConfigurationPlatforms) = preSolution
		Debug|Any CPU = Debug|Any CPU
		Release|Any CPU = Release|Any CPU
	EndGlobalSection
	GlobalSection(ProjectConfigurationPlatforms) = postSolution
		{AA6DF140-C2C3-D757-8F0D-AB41264D9047}.Debug|Any CPU.ActiveCfg = Debug|Any CPU
		{AA6DF140-C2C3-D757-8F0D-AB41264D9047}.Debug|Any CPU.Build.0 = Debug|Any CPU
		{AA6DF140-C2C3-D757-8F0D-AB41264D9047}.Release|Any CPU.ActiveCfg = Release|Any CPU
		{AA6DF140-C2C3-D757-8F0D-AB41264D9047}.Release|Any CPU.Build.0 = Release|Any CPU
	EndGlobalSection
	GlobalSection(SolutionProperties) = preSolution
		HideSolutionNode = FALSE
	EndGlobalSection
	GlobalSection(MonoDevelopProperties) = preSolution
		StartupItem = Assembly-CSharp.csproj
	EndGlobalSection
EndGlobal
